
Microsoft Visual Studio Solution File, Format Version 12.00
# Visual Studio Version 16
VisualStudioVersion = 16.0.31624.102
MinimumVisualStudioVersion = 10.0.40219.1
Project("{FAE04EC0-301F-11D3-BF4B-00C04F79EFBC}") = "clienteJuegoSO", "clienteJuegoSO\clienteJuegoSO.csproj", "{704AC11A-80F6-41CB-ACB8-9D37F964CF16}"
EndProject
Global
	GlobalSection(SolutionConfigurationPlatforms) = preSolution
		Debug|Any CPU = Debug|Any CPU
		Release|Any CPU = Release|Any CPU
	EndGlobalSection
	GlobalSection(ProjectConfigurationPlatforms) = postSolution
		{704AC11A-80F6-41CB-ACB8-9D37F964CF16}.Debug|Any CPU.ActiveCfg = Debug|Any CPU
		{704AC11A-80F6-41CB-ACB8-9D37F964CF16}.Debug|Any CPU.Build.0 = Debug|Any CPU
		{704AC11A-80F6-41CB-ACB8-9D37F964CF16}.Release|Any CPU.ActiveCfg = Release|Any CPU
		{704AC11A-80F6-41CB-ACB8-9D37F964CF16}.Release|Any CPU.Build.0 = Release|Any CPU
	EndGlobalSection
	GlobalSection(SolutionProperties) = preSolution
		HideSolutionNode = FALSE
	EndGlobalSection
	GlobalSection(ExtensibilityGlobals) = postSolution
		SolutionGuid = {094F486A-D4EB-45F9-B54B-DE3949BC9C5F}
	EndGlobalSection
EndGlobal
